// !$*UTF8*$!
{
	archiveVersion = 1;
	classes = {
	};
	objectVersion = 46;
	objects = {

/* Begin PBXBuildFile section */
		28369F9D1F29A611003D2102 /* Assets.xcassets in Resources */ = {isa = PBXBuildFile; fileRef = 2894A8491F1F528300DDE940 /* Assets.xcassets */; };
		285CB5FF1F25D48200C3C50A /* MapViewController.swift in Sources */ = {isa = PBXBuildFile; fileRef = 285CB5FE1F25D48200C3C50A /* MapViewController.swift */; };
		285CB6011F25D49300C3C50A /* ListViewController.swift in Sources */ = {isa = PBXBuildFile; fileRef = 285CB6001F25D49300C3C50A /* ListViewController.swift */; };
		287F8F451F273D160085967C /* UdaConvinience.swift in Sources */ = {isa = PBXBuildFile; fileRef = 287F8F441F273D160085967C /* UdaConvinience.swift */; };
		287F8F471F27420A0085967C /* LoadingIndicator.swift in Sources */ = {isa = PBXBuildFile; fileRef = 287F8F461F27420A0085967C /* LoadingIndicator.swift */; };
		288447691F235CED009904A0 /* GCDBlackBox.swift in Sources */ = {isa = PBXBuildFile; fileRef = 288447681F235CED009904A0 /* GCDBlackBox.swift */; };
		2894A8431F1F528300DDE940 /* AppDelegate.swift in Sources */ = {isa = PBXBuildFile; fileRef = 2894A8421F1F528300DDE940 /* AppDelegate.swift */; };
		2894A8451F1F528300DDE940 /* LogInViewController.swift in Sources */ = {isa = PBXBuildFile; fileRef = 2894A8441F1F528300DDE940 /* LogInViewController.swift */; };
		2894A8481F1F528300DDE940 /* Main.storyboard in Resources */ = {isa = PBXBuildFile; fileRef = 2894A8461F1F528300DDE940 /* Main.storyboard */; };
		2894A84D1F1F528300DDE940 /* LaunchScreen.storyboard in Resources */ = {isa = PBXBuildFile; fileRef = 2894A84B1F1F528300DDE940 /* LaunchScreen.storyboard */; };
		28ABF2991F2851F700BDB857 /* ParseConstants.swift in Sources */ = {isa = PBXBuildFile; fileRef = 28ABF2981F2851F700BDB857 /* ParseConstants.swift */; };
		28ABF29B1F28523000BDB857 /* ParseClient.swift in Sources */ = {isa = PBXBuildFile; fileRef = 28ABF29A1F28523000BDB857 /* ParseClient.swift */; };
		28ABF29D1F2852C500BDB857 /* ParseConvinience.swift in Sources */ = {isa = PBXBuildFile; fileRef = 28ABF29C1F2852C500BDB857 /* ParseConvinience.swift */; };
		28ABF29F1F2852FB00BDB857 /* StudentInformation.swift in Sources */ = {isa = PBXBuildFile; fileRef = 28ABF29E1F2852FB00BDB857 /* StudentInformation.swift */; };
		28D7F83E1F21CAC5004B4393 /* UdaConstants.swift in Sources */ = {isa = PBXBuildFile; fileRef = 28D7F83D1F21CAC5004B4393 /* UdaConstants.swift */; };
		28D7F8401F21CDA6004B4393 /* UdaClient.swift in Sources */ = {isa = PBXBuildFile; fileRef = 28D7F83F1F21CDA6004B4393 /* UdaClient.swift */; };
		97CC75BE0EF160F7D211FB08 /* Pods_On_The_Map.framework in Frameworks */ = {isa = PBXBuildFile; fileRef = DFCABEAA3C7DF27096E50BDA /* Pods_On_The_Map.framework */; };
/* End PBXBuildFile section */

/* Begin PBXFileReference section */
		283D07D0FB98FCC99495028F /* Pods-On The Map.debug.xcconfig */ = {isa = PBXFileReference; includeInIndex = 1; lastKnownFileType = text.xcconfig; name = "Pods-On The Map.debug.xcconfig"; path = "Pods/Target Support Files/Pods-On The Map/Pods-On The Map.debug.xcconfig"; sourceTree = "<group>"; };
		285CB5FE1F25D48200C3C50A /* MapViewController.swift */ = {isa = PBXFileReference; fileEncoding = 4; lastKnownFileType = sourcecode.swift; path = MapViewController.swift; sourceTree = "<group>"; };
		285CB6001F25D49300C3C50A /* ListViewController.swift */ = {isa = PBXFileReference; fileEncoding = 4; lastKnownFileType = sourcecode.swift; path = ListViewController.swift; sourceTree = "<group>"; };
		287F8F441F273D160085967C /* UdaConvinience.swift */ = {isa = PBXFileReference; fileEncoding = 4; lastKnownFileType = sourcecode.swift; path = UdaConvinience.swift; sourceTree = "<group>"; };
		287F8F461F27420A0085967C /* LoadingIndicator.swift */ = {isa = PBXFileReference; fileEncoding = 4; lastKnownFileType = sourcecode.swift; path = LoadingIndicator.swift; sourceTree = "<group>"; };
		288447681F235CED009904A0 /* GCDBlackBox.swift */ = {isa = PBXFileReference; fileEncoding = 4; lastKnownFileType = sourcecode.swift; path = GCDBlackBox.swift; sourceTree = "<group>"; };
		2894A83F1F1F528300DDE940 /* On The Map.app */ = {isa = PBXFileReference; explicitFileType = wrapper.application; includeInIndex = 0; path = "On The Map.app"; sourceTree = BUILT_PRODUCTS_DIR; };
		2894A8421F1F528300DDE940 /* AppDelegate.swift */ = {isa = PBXFileReference; lastKnownFileType = sourcecode.swift; path = AppDelegate.swift; sourceTree = "<group>"; };
		2894A8441F1F528300DDE940 /* LogInViewController.swift */ = {isa = PBXFileReference; lastKnownFileType = sourcecode.swift; path = LogInViewController.swift; sourceTree = "<group>"; };
		2894A8471F1F528300DDE940 /* Base */ = {isa = PBXFileReference; lastKnownFileType = file.storyboard; name = Base; path = Base.lproj/Main.storyboard; sourceTree = "<group>"; };
		2894A8491F1F528300DDE940 /* Assets.xcassets */ = {isa = PBXFileReference; lastKnownFileType = folder.assetcatalog; path = Assets.xcassets; sourceTree = "<group>"; };
		2894A84C1F1F528300DDE940 /* Base */ = {isa = PBXFileReference; lastKnownFileType = file.storyboard; name = Base; path = Base.lproj/LaunchScreen.storyboard; sourceTree = "<group>"; };
		2894A84E1F1F528300DDE940 /* Info.plist */ = {isa = PBXFileReference; lastKnownFileType = text.plist.xml; path = Info.plist; sourceTree = "<group>"; };
		28ABF2981F2851F700BDB857 /* ParseConstants.swift */ = {isa = PBXFileReference; fileEncoding = 4; lastKnownFileType = sourcecode.swift; path = ParseConstants.swift; sourceTree = "<group>"; };
		28ABF29A1F28523000BDB857 /* ParseClient.swift */ = {isa = PBXFileReference; fileEncoding = 4; lastKnownFileType = sourcecode.swift; path = ParseClient.swift; sourceTree = "<group>"; };
		28ABF29C1F2852C500BDB857 /* ParseConvinience.swift */ = {isa = PBXFileReference; fileEncoding = 4; lastKnownFileType = sourcecode.swift; path = ParseConvinience.swift; sourceTree = "<group>"; };
		28ABF29E1F2852FB00BDB857 /* StudentInformation.swift */ = {isa = PBXFileReference; fileEncoding = 4; lastKnownFileType = sourcecode.swift; path = StudentInformation.swift; sourceTree = "<group>"; };
		28D7F8381F21B909004B4393 /* On The Map.entitlements */ = {isa = PBXFileReference; lastKnownFileType = text.plist.entitlements; path = "On The Map.entitlements"; sourceTree = "<group>"; };
		28D7F83D1F21CAC5004B4393 /* UdaConstants.swift */ = {isa = PBXFileReference; fileEncoding = 4; lastKnownFileType = sourcecode.swift; path = UdaConstants.swift; sourceTree = "<group>"; };
		28D7F83F1F21CDA6004B4393 /* UdaClient.swift */ = {isa = PBXFileReference; fileEncoding = 4; lastKnownFileType = sourcecode.swift; path = UdaClient.swift; sourceTree = "<group>"; };
		DFCABEAA3C7DF27096E50BDA /* Pods_On_The_Map.framework */ = {isa = PBXFileReference; explicitFileType = wrapper.framework; includeInIndex = 0; path = Pods_On_The_Map.framework; sourceTree = BUILT_PRODUCTS_DIR; };
		E38ADBB2B1500A1F9FDC604B /* Pods-On The Map.release.xcconfig */ = {isa = PBXFileReference; includeInIndex = 1; lastKnownFileType = text.xcconfig; name = "Pods-On The Map.release.xcconfig"; path = "Pods/Target Support Files/Pods-On The Map/Pods-On The Map.release.xcconfig"; sourceTree = "<group>"; };
/* End PBXFileReference section */

/* Begin PBXFrameworksBuildPhase section */
		2894A83C1F1F528300DDE940 /* Frameworks */ = {
			isa = PBXFrameworksBuildPhase;
			buildActionMask = 2147483647;
			files = (
				97CC75BE0EF160F7D211FB08 /* Pods_On_The_Map.framework in Frameworks */,
			);
			runOnlyForDeploymentPostprocessing = 0;
		};
/* End PBXFrameworksBuildPhase section */

/* Begin PBXGroup section */
		288B8B391F25A415002C47B6 /* Udacity */ = {
			isa = PBXGroup;
			children = (
				28D7F83D1F21CAC5004B4393 /* UdaConstants.swift */,
				28D7F83F1F21CDA6004B4393 /* UdaClient.swift */,
				287F8F441F273D160085967C /* UdaConvinience.swift */,
			);
			name = Udacity;
			sourceTree = "<group>";
		};
		2894A8361F1F528300DDE940 = {
			isa = PBXGroup;
			children = (
				2894A8411F1F528300DDE940 /* On The Map */,
				2894A8401F1F528300DDE940 /* Products */,
				71DEF13182948177B54BC793 /* Pods */,
				B045490BFFDD72E9AFCBC637 /* Frameworks */,
			);
			sourceTree = "<group>";
		};
		2894A8401F1F528300DDE940 /* Products */ = {
			isa = PBXGroup;
			children = (
				2894A83F1F1F528300DDE940 /* On The Map.app */,
			);
			name = Products;
			sourceTree = "<group>";
		};
		2894A8411F1F528300DDE940 /* On The Map */ = {
			isa = PBXGroup;
			children = (
				2894A8421F1F528300DDE940 /* AppDelegate.swift */,
				288447681F235CED009904A0 /* GCDBlackBox.swift */,
				2894A84E1F1F528300DDE940 /* Info.plist */,
				28D7F83B1F21C759004B4393 /* Controller */,
				28D7F83A1F21C74D004B4393 /* View */,
				28D7F8391F21C745004B4393 /* Model */,
				28D7F8381F21B909004B4393 /* On The Map.entitlements */,
			);
			path = "On The Map";
			sourceTree = "<group>";
		};
		28ABF2971F2851C900BDB857 /* Parse */ = {
			isa = PBXGroup;
			children = (
				28ABF2981F2851F700BDB857 /* ParseConstants.swift */,
				28ABF29A1F28523000BDB857 /* ParseClient.swift */,
				28ABF29C1F2852C500BDB857 /* ParseConvinience.swift */,
				28ABF29E1F2852FB00BDB857 /* StudentInformation.swift */,
			);
			name = Parse;
			sourceTree = "<group>";
		};
		28D7F8391F21C745004B4393 /* Model */ = {
			isa = PBXGroup;
			children = (
				28D7F83C1F21CAA3004B4393 /* Clients */,
			);
			name = Model;
			sourceTree = "<group>";
		};
		28D7F83A1F21C74D004B4393 /* View */ = {
			isa = PBXGroup;
			children = (
				2894A84B1F1F528300DDE940 /* LaunchScreen.storyboard */,
				2894A8461F1F528300DDE940 /* Main.storyboard */,
				2894A8491F1F528300DDE940 /* Assets.xcassets */,
				287F8F461F27420A0085967C /* LoadingIndicator.swift */,
			);
			name = View;
			sourceTree = "<group>";
		};
		28D7F83B1F21C759004B4393 /* Controller */ = {
			isa = PBXGroup;
			children = (
				2894A8441F1F528300DDE940 /* LogInViewController.swift */,
				285CB5FE1F25D48200C3C50A /* MapViewController.swift */,
				285CB6001F25D49300C3C50A /* ListViewController.swift */,
			);
			name = Controller;
			sourceTree = "<group>";
		};
		28D7F83C1F21CAA3004B4393 /* Clients */ = {
			isa = PBXGroup;
			children = (
				28ABF2971F2851C900BDB857 /* Parse */,
				288B8B391F25A415002C47B6 /* Udacity */,
			);
			name = Clients;
			sourceTree = "<group>";
		};
		71DEF13182948177B54BC793 /* Pods */ = {
			isa = PBXGroup;
			children = (
				283D07D0FB98FCC99495028F /* Pods-On The Map.debug.xcconfig */,
				E38ADBB2B1500A1F9FDC604B /* Pods-On The Map.release.xcconfig */,
			);
			name = Pods;
			sourceTree = "<group>";
		};
		B045490BFFDD72E9AFCBC637 /* Frameworks */ = {
			isa = PBXGroup;
			children = (
				DFCABEAA3C7DF27096E50BDA /* Pods_On_The_Map.framework */,
			);
			name = Frameworks;
			sourceTree = "<group>";
		};
/* End PBXGroup section */

/* Begin PBXNativeTarget section */
		2894A83E1F1F528300DDE940 /* On The Map */ = {
			isa = PBXNativeTarget;
			buildConfigurationList = 2894A8511F1F528300DDE940 /* Build configuration list for PBXNativeTarget "On The Map" */;
			buildPhases = (
				98106BB3976619447FC11BFE /* [CP] Check Pods Manifest.lock */,
				2894A83B1F1F528300DDE940 /* Sources */,
				2894A83C1F1F528300DDE940 /* Frameworks */,
				2894A83D1F1F528300DDE940 /* Resources */,
				DDD9A1A2789F9AF52B3E7650 /* [CP] Embed Pods Frameworks */,
				67C31546F4489274059943D7 /* [CP] Copy Pods Resources */,
			);
			buildRules = (
			);
			dependencies = (
			);
			name = "On The Map";
			productName = "On The Map";
			productReference = 2894A83F1F1F528300DDE940 /* On The Map.app */;
			productType = "com.apple.product-type.application";
		};
/* End PBXNativeTarget section */

/* Begin PBXProject section */
		2894A8371F1F528300DDE940 /* Project object */ = {
			isa = PBXProject;
			attributes = {
				KnownAssetTags = (
					icon_pin,
				);
				LastSwiftUpdateCheck = 0820;
				LastUpgradeCheck = 0820;
				ORGANIZATIONNAME = "Markus Staas";
				TargetAttributes = {
					2894A83E1F1F528300DDE940 = {
						CreatedOnToolsVersion = 8.2.1;
						DevelopmentTeam = 5552KJHMG4;
						ProvisioningStyle = Automatic;
						SystemCapabilities = {
							com.apple.Keychain = {
								enabled = 1;
							};
						};
					};
				};
			};
			buildConfigurationList = 2894A83A1F1F528300DDE940 /* Build configuration list for PBXProject "On The Map" */;
			compatibilityVersion = "Xcode 3.2";
			developmentRegion = English;
			hasScannedForEncodings = 0;
			knownRegions = (
				en,
				Base,
			);
			mainGroup = 2894A8361F1F528300DDE940;
			productRefGroup = 2894A8401F1F528300DDE940 /* Products */;
			projectDirPath = "";
			projectRoot = "";
			targets = (
				2894A83E1F1F528300DDE940 /* On The Map */,
			);
		};
/* End PBXProject section */

/* Begin PBXResourcesBuildPhase section */
		2894A83D1F1F528300DDE940 /* Resources */ = {
			isa = PBXResourcesBuildPhase;
			buildActionMask = 2147483647;
			files = (
				2894A84D1F1F528300DDE940 /* LaunchScreen.storyboard in Resources */,
				28369F9D1F29A611003D2102 /* Assets.xcassets in Resources */,
				2894A8481F1F528300DDE940 /* Main.storyboard in Resources */,
			);
			runOnlyForDeploymentPostprocessing = 0;
		};
/* End PBXResourcesBuildPhase section */

/* Begin PBXShellScriptBuildPhase section */
		67C31546F4489274059943D7 /* [CP] Copy Pods Resources */ = {
			isa = PBXShellScriptBuildPhase;
			buildActionMask = 2147483647;
			files = (
			);
			inputPaths = (
			);
			name = "[CP] Copy Pods Resources";
			outputPaths = (
			);
			runOnlyForDeploymentPostprocessing = 0;
			shellPath = /bin/sh;
			shellScript = "\"${SRCROOT}/Pods/Target Support Files/Pods-On The Map/Pods-On The Map-resources.sh\"\n";
			showEnvVarsInLog = 0;
		};
		98106BB3976619447FC11BFE /* [CP] Check Pods Manifest.lock */ = {
			isa = PBXShellScriptBuildPhase;
			buildActionMask = 2147483647;
			files = (
			);
			inputPaths = (
			);
			name = "[CP] Check Pods Manifest.lock";
			outputPaths = (
			);
			runOnlyForDeploymentPostprocessing = 0;
			shellPath = /bin/sh;
			shellScript = "diff \"${PODS_PODFILE_DIR_PATH}/Podfile.lock\" \"${PODS_ROOT}/Manifest.lock\" > /dev/null\nif [ $? != 0 ] ; then\n    # print error to STDERR\n    echo \"error: The sandbox is not in sync with the Podfile.lock. Run 'pod install' or update your CocoaPods installation.\" >&2\n    exit 1\nfi\n";
			showEnvVarsInLog = 0;
		};
		DDD9A1A2789F9AF52B3E7650 /* [CP] Embed Pods Frameworks */ = {
			isa = PBXShellScriptBuildPhase;
			buildActionMask = 2147483647;
			files = (
			);
			inputPaths = (
			);
			name = "[CP] Embed Pods Frameworks";
			outputPaths = (
			);
			runOnlyForDeploymentPostprocessing = 0;
			shellPath = /bin/sh;
			shellScript = "\"${SRCROOT}/Pods/Target Support Files/Pods-On The Map/Pods-On The Map-frameworks.sh\"\n";
			showEnvVarsInLog = 0;
		};
/* End PBXShellScriptBuildPhase section */

/* Begin PBXSourcesBuildPhase section */
		2894A83B1F1F528300DDE940 /* Sources */ = {
			isa = PBXSourcesBuildPhase;
			buildActionMask = 2147483647;
			files = (
				287F8F471F27420A0085967C /* LoadingIndicator.swift in Sources */,
				2894A8451F1F528300DDE940 /* LogInViewController.swift in Sources */,
				285CB5FF1F25D48200C3C50A /* MapViewController.swift in Sources */,
				28ABF2991F2851F700BDB857 /* ParseConstants.swift in Sources */,
				287F8F451F273D160085967C /* UdaConvinience.swift in Sources */,
				28D7F83E1F21CAC5004B4393 /* UdaConstants.swift in Sources */,
				2894A8431F1F528300DDE940 /* AppDelegate.swift in Sources */,
				28D7F8401F21CDA6004B4393 /* UdaClient.swift in Sources */,
				288447691F235CED009904A0 /* GCDBlackBox.swift in Sources */,
				28ABF29D1F2852C500BDB857 /* ParseConvinience.swift in Sources */,
				285CB6011F25D49300C3C50A /* ListViewController.swift in Sources */,
				28ABF29B1F28523000BDB857 /* ParseClient.swift in Sources */,
				28ABF29F1F2852FB00BDB857 /* StudentInformation.swift in Sources */,
			);
			runOnlyForDeploymentPostprocessing = 0;
		};
/* End PBXSourcesBuildPhase section */

/* Begin PBXVariantGroup section */
		2894A8461F1F528300DDE940 /* Main.storyboard */ = {
			isa = PBXVariantGroup;
			children = (
				2894A8471F1F528300DDE940 /* Base */,
			);
			name = Main.storyboard;
			sourceTree = "<group>";
		};
		2894A84B1F1F528300DDE940 /* LaunchScreen.storyboard */ = {
			isa = PBXVariantGroup;
			children = (
				2894A84C1F1F528300DDE940 /* Base */,
			);
			name = LaunchScreen.storyboard;
			sourceTree = "<group>";
		};
/* End PBXVariantGroup section */

/* Begin XCBuildConfiguration section */
		2894A84F1F1F528300DDE940 /* Debug */ = {
			isa = XCBuildConfiguration;
			buildSettings = {
				ALWAYS_SEARCH_USER_PATHS = NO;
				CLANG_ANALYZER_NONNULL = YES;
				CLANG_CXX_LANGUAGE_STANDARD = "gnu++0x";
				CLANG_CXX_LIBRARY = "libc++";
				CLANG_ENABLE_MODULES = YES;
				CLANG_ENABLE_OBJC_ARC = YES;
				CLANG_WARN_BOOL_CONVERSION = YES;
				CLANG_WARN_CONSTANT_CONVERSION = YES;
				CLANG_WARN_DIRECT_OBJC_ISA_USAGE = YES_ERROR;
				CLANG_WARN_DOCUMENTATION_COMMENTS = YES;
				CLANG_WARN_EMPTY_BODY = YES;
				CLANG_WARN_ENUM_CONVERSION = YES;
				CLANG_WARN_INFINITE_RECURSION = YES;
				CLANG_WARN_INT_CONVERSION = YES;
				CLANG_WARN_OBJC_ROOT_CLASS = YES_ERROR;
				CLANG_WARN_SUSPICIOUS_MOVE = YES;
				CLANG_WARN_UNREACHABLE_CODE = YES;
				CLANG_WARN__DUPLICATE_METHOD_MATCH = YES;
				"CODE_SIGN_IDENTITY[sdk=iphoneos*]" = "iPhone Developer";
				COPY_PHASE_STRIP = NO;
				DEBUG_INFORMATION_FORMAT = dwarf;
				ENABLE_STRICT_OBJC_MSGSEND = YES;
				ENABLE_TESTABILITY = YES;
				GCC_C_LANGUAGE_STANDARD = gnu99;
				GCC_DYNAMIC_NO_PIC = NO;
				GCC_NO_COMMON_BLOCKS = YES;
				GCC_OPTIMIZATION_LEVEL = 0;
				GCC_PREPROCESSOR_DEFINITIONS = (
					"DEBUG=1",
					"$(inherited)",
				);
				GCC_WARN_64_TO_32_BIT_CONVERSION = YES;
				GCC_WARN_ABOUT_RETURN_TYPE = YES_ERROR;
				GCC_WARN_UNDECLARED_SELECTOR = YES;
				GCC_WARN_UNINITIALIZED_AUTOS = YES_AGGRESSIVE;
				GCC_WARN_UNUSED_FUNCTION = YES;
				GCC_WARN_UNUSED_VARIABLE = YES;
				IPHONEOS_DEPLOYMENT_TARGET = 10.2;
				MTL_ENABLE_DEBUG_INFO = YES;
				ONLY_ACTIVE_ARCH = YES;
				SDKROOT = iphoneos;
				SWIFT_ACTIVE_COMPILATION_CONDITIONS = DEBUG;
				SWIFT_OPTIMIZATION_LEVEL = "-Onone";
			};
			name = Debug;
		};
		2894A8501F1F528300DDE940 /* Release */ = {
			isa = XCBuildConfiguration;
			buildSettings = {
				ALWAYS_SEARCH_USER_PATHS = NO;
				CLANG_ANALYZER_NONNULL = YES;
				CLANG_CXX_LANGUAGE_STANDARD = "gnu++0x";
				CLANG_CXX_LIBRARY = "libc++";
				CLANG_ENABLE_MODULES = YES;
				CLANG_ENABLE_OBJC_ARC = YES;
				CLANG_WARN_BOOL_CONVERSION = YES;
				CLANG_WARN_CONSTANT_CONVERSION = YES;
				CLANG_WARN_DIRECT_OBJC_ISA_USAGE = YES_ERROR;
				CLANG_WARN_DOCUMENTATION_COMMENTS = YES;
				CLANG_WARN_EMPTY_BODY = YES;
				CLANG_WARN_ENUM_CONVERSION = YES;
				CLANG_WARN_INFINITE_RECURSION = YES;
				CLANG_WARN_INT_CONVERSION = YES;
				CLANG_WARN_OBJC_ROOT_CLASS = YES_ERROR;
				CLANG_WARN_SUSPICIOUS_MOVE = YES;
				CLANG_WARN_UNREACHABLE_CODE = YES;
				CLANG_WARN__DUPLICATE_METHOD_MATCH = YES;
				"CODE_SIGN_IDENTITY[sdk=iphoneos*]" = "iPhone Developer";
				COPY_PHASE_STRIP = NO;
				DEBUG_INFORMATION_FORMAT = "dwarf-with-dsym";
				ENABLE_NS_ASSERTIONS = NO;
				ENABLE_STRICT_OBJC_MSGSEND = YES;
				GCC_C_LANGUAGE_STANDARD = gnu99;
				GCC_NO_COMMON_BLOCKS = YES;
				GCC_WARN_64_TO_32_BIT_CONVERSION = YES;
				GCC_WARN_ABOUT_RETURN_TYPE = YES_ERROR;
				GCC_WARN_UNDECLARED_SELECTOR = YES;
				GCC_WARN_UNINITIALIZED_AUTOS = YES_AGGRESSIVE;
				GCC_WARN_UNUSED_FUNCTION = YES;
				GCC_WARN_UNUSED_VARIABLE = YES;
				IPHONEOS_DEPLOYMENT_TARGET = 10.2;
				MTL_ENABLE_DEBUG_INFO = NO;
				SDKROOT = iphoneos;
				SWIFT_OPTIMIZATION_LEVEL = "-Owholemodule";
				VALIDATE_PRODUCT = YES;
			};
			name = Release;
		};
		2894A8521F1F528300DDE940 /* Debug */ = {
			isa = XCBuildConfiguration;
			baseConfigurationReference = 283D07D0FB98FCC99495028F /* Pods-On The Map.debug.xcconfig */;
			buildSettings = {
				ASSETCATALOG_COMPILER_APPICON_NAME = AppIcon;
				CODE_SIGN_ENTITLEMENTS = "On The Map/On The Map.entitlements";
				DEVELOPMENT_TEAM = 5552KJHMG4;
				INFOPLIST_FILE = "On The Map/Info.plist";
				LD_RUNPATH_SEARCH_PATHS = "$(inherited) @executable_path/Frameworks";
				PRODUCT_BUNDLE_IDENTIFIER = "com.markus.On-The-Map";
				PRODUCT_NAME = "$(TARGET_NAME)";
				SWIFT_VERSION = 3.0;
			};
			name = Debug;
		};
		2894A8531F1F528300DDE940 /* Release */ = {
			isa = XCBuildConfiguration;
			baseConfigurationReference = E38ADBB2B1500A1F9FDC604B /* Pods-On The Map.release.xcconfig */;
			buildSettings = {
				ASSETCATALOG_COMPILER_APPICON_NAME = AppIcon;
				CODE_SIGN_ENTITLEMENTS = "On The Map/On The Map.entitlements";
				DEVELOPMENT_TEAM = 5552KJHMG4;
				INFOPLIST_FILE = "On The Map/Info.plist";
				LD_RUNPATH_SEARCH_PATHS = "$(inherited) @executable_path/Frameworks";
				PRODUCT_BUNDLE_IDENTIFIER = "com.markus.On-The-Map";
				PRODUCT_NAME = "$(TARGET_NAME)";
				SWIFT_VERSION = 3.0;
			};
			name = Release;
		};
/* End XCBuildConfiguration section */

/* Begin XCConfigurationList section */
		2894A83A1F1F528300DDE940 /* Build configuration list for PBXProject "On The Map" */ = {
			isa = XCConfigurationList;
			buildConfigurations = (
				2894A84F1F1F528300DDE940 /* Debug */,
				2894A8501F1F528300DDE940 /* Release */,
			);
			defaultConfigurationIsVisible = 0;
			defaultConfigurationName = Release;
		};
		2894A8511F1F528300DDE940 /* Build configuration list for PBXNativeTarget "On The Map" */ = {
			isa = XCConfigurationList;
			buildConfigurations = (
				2894A8521F1F528300DDE940 /* Debug */,
				2894A8531F1F528300DDE940 /* Release */,
			);
			defaultConfigurationIsVisible = 0;
			defaultConfigurationName = Release;
		};
/* End XCConfigurationList section */
	};
	rootObject = 2894A8371F1F528300DDE940 /* Project object */;
}
